
Microsoft Visual Studio Solution File, Format Version 12.00
# Visual Studio 14
VisualStudioVersion = 14.0.25420.1
MinimumVisualStudioVersion = 10.0.40219.1
Project("{FAE04EC0-301F-11D3-BF4B-00C04F79EFBC}") = "SCEM.Website", "SCEM.Website\SCEM.Website.csproj", "{2C51FD06-EBD5-4ADF-9D55-9A8EACE421D4}"
EndProject
Project("{FAE04EC0-301F-11D3-BF4B-00C04F79EFBC}") = "SCEM.Model", "SCEM.Model\SCEM.Model.csproj", "{110FECD4-3659-4900-83F6-1DE51D5922F9}"
EndProject
Project("{2150E333-8FDC-42A3-9474-1A3956D46DE8}") = "lib", "lib", "{B4740AD5-038D-4CDA-BC14-A6FDD721D0D5}"
	ProjectSection(SolutionItems) = preProject
		lib\Sitecore.CodeGenerator.dll = lib\Sitecore.CodeGenerator.dll
		lib\Sitecore.CodeGenerator.pdb = lib\Sitecore.CodeGenerator.pdb
	EndProjectSection
EndProject
Project("{2150E333-8FDC-42A3-9474-1A3956D46DE8}") = "Solution Items", "Solution Items", "{FCD061E3-CEFF-4590-A8D7-9E0F8FBC8925}"
	ProjectSection(SolutionItems) = preProject
		SCEM.Website\Properties\PublishProfiles\local.pubxml = SCEM.Website\Properties\PublishProfiles\local.pubxml
		..\README.md = ..\README.md
		SCEM.Website\App_Config\Include\z.SCEM.user.config.example = SCEM.Website\App_Config\Include\z.SCEM.user.config.example
	EndProjectSection
EndProject
Global
	GlobalSection(SolutionConfigurationPlatforms) = preSolution
		Debug|Any CPU = Debug|Any CPU
		Release|Any CPU = Release|Any CPU
	EndGlobalSection
	GlobalSection(ProjectConfigurationPlatforms) = postSolution
		{2C51FD06-EBD5-4ADF-9D55-9A8EACE421D4}.Debug|Any CPU.ActiveCfg = Debug|Any CPU
		{2C51FD06-EBD5-4ADF-9D55-9A8EACE421D4}.Debug|Any CPU.Build.0 = Debug|Any CPU
		{2C51FD06-EBD5-4ADF-9D55-9A8EACE421D4}.Release|Any CPU.ActiveCfg = Release|Any CPU
		{2C51FD06-EBD5-4ADF-9D55-9A8EACE421D4}.Release|Any CPU.Build.0 = Release|Any CPU
		{110FECD4-3659-4900-83F6-1DE51D5922F9}.Debug|Any CPU.ActiveCfg = Debug|Any CPU
		{110FECD4-3659-4900-83F6-1DE51D5922F9}.Debug|Any CPU.Build.0 = Debug|Any CPU
		{110FECD4-3659-4900-83F6-1DE51D5922F9}.Release|Any CPU.ActiveCfg = Release|Any CPU
		{110FECD4-3659-4900-83F6-1DE51D5922F9}.Release|Any CPU.Build.0 = Release|Any CPU
	EndGlobalSection
	GlobalSection(SolutionProperties) = preSolution
		HideSolutionNode = FALSE
	EndGlobalSection
EndGlobal
